// !$*UTF8*$!
{
	archiveVersion = 1;
	classes = {
	};
	objectVersion = 46;
	objects = {

/* Begin PBXBuildFile section */
		43B80F921CD907E200250F7A /* main.m in Sources */ = {isa = PBXBuildFile; fileRef = 43B80F911CD907E200250F7A /* main.m */; };
		43B80F9A1CD9093100250F7A /* InputController.m in Sources */ = {isa = PBXBuildFile; fileRef = 43B80F991CD9093100250F7A /* InputController.m */; };
		43B80F9D1CD90E1E00250F7A /* Contact.m in Sources */ = {isa = PBXBuildFile; fileRef = 43B80F9C1CD90E1E00250F7A /* Contact.m */; };
		43B80FA01CD910D300250F7A /* ContactList.m in Sources */ = {isa = PBXBuildFile; fileRef = 43B80F9F1CD910D300250F7A /* ContactList.m */; };
/* End PBXBuildFile section */

/* Begin PBXCopyFilesBuildPhase section */
		43B80F8C1CD907E200250F7A /* CopyFiles */ = {
			isa = PBXCopyFilesBuildPhase;
			buildActionMask = 2147483647;
			dstPath = /usr/share/man/man1/;
			dstSubfolderSpec = 0;
			files = (
			);
			runOnlyForDeploymentPostprocessing = 1;
		};
/* End PBXCopyFilesBuildPhase section */

/* Begin PBXFileReference section */
		43B80F8E1CD907E200250F7A /* ContactList */ = {isa = PBXFileReference; explicitFileType = "compiled.mach-o.executable"; includeInIndex = 0; path = ContactList; sourceTree = BUILT_PRODUCTS_DIR; };
		43B80F911CD907E200250F7A /* main.m */ = {isa = PBXFileReference; lastKnownFileType = sourcecode.c.objc; path = main.m; sourceTree = "<group>"; };
		43B80F981CD9093100250F7A /* InputController.h */ = {isa = PBXFileReference; fileEncoding = 4; lastKnownFileType = sourcecode.c.h; path = InputController.h; sourceTree = "<group>"; };
		43B80F991CD9093100250F7A /* InputController.m */ = {isa = PBXFileReference; fileEncoding = 4; lastKnownFileType = sourcecode.c.objc; path = InputController.m; sourceTree = "<group>"; };
		43B80F9B1CD90E1E00250F7A /* Contact.h */ = {isa = PBXFileReference; fileEncoding = 4; lastKnownFileType = sourcecode.c.h; path = Contact.h; sourceTree = "<group>"; };
		43B80F9C1CD90E1E00250F7A /* Contact.m */ = {isa = PBXFileReference; fileEncoding = 4; lastKnownFileType = sourcecode.c.objc; path = Contact.m; sourceTree = "<group>"; };
		43B80F9E1CD910D300250F7A /* ContactList.h */ = {isa = PBXFileReference; fileEncoding = 4; lastKnownFileType = sourcecode.c.h; path = ContactList.h; sourceTree = "<group>"; };
		43B80F9F1CD910D300250F7A /* ContactList.m */ = {isa = PBXFileReference; fileEncoding = 4; lastKnownFileType = sourcecode.c.objc; path = ContactList.m; sourceTree = "<group>"; };
/* End PBXFileReference section */

/* Begin PBXFrameworksBuildPhase section */
		43B80F8B1CD907E200250F7A /* Frameworks */ = {
			isa = PBXFrameworksBuildPhase;
			buildActionMask = 2147483647;
			files = (
			);
			runOnlyForDeploymentPostprocessing = 0;
		};
/* End PBXFrameworksBuildPhase section */

/* Begin PBXGroup section */
		43B80F851CD907E200250F7A = {
			isa = PBXGroup;
			children = (
				43B80F901CD907E200250F7A /* ContactList */,
				43B80F8F1CD907E200250F7A /* Products */,
			);
			sourceTree = "<group>";
		};
		43B80F8F1CD907E200250F7A /* Products */ = {
			isa = PBXGroup;
			children = (
				43B80F8E1CD907E200250F7A /* ContactList */,
			);
			name = Products;
			sourceTree = "<group>";
		};
		43B80F901CD907E200250F7A /* ContactList */ = {
			isa = PBXGroup;
			children = (
				43B80F911CD907E200250F7A /* main.m */,
				43B80F981CD9093100250F7A /* InputController.h */,
				43B80F991CD9093100250F7A /* InputController.m */,
				43B80F9B1CD90E1E00250F7A /* Contact.h */,
				43B80F9C1CD90E1E00250F7A /* Contact.m */,
				43B80F9E1CD910D300250F7A /* ContactList.h */,
				43B80F9F1CD910D300250F7A /* ContactList.m */,
			);
			path = ContactList;
			sourceTree = "<group>";
		};
/* End PBXGroup section */

/* Begin PBXNativeTarget section */
		43B80F8D1CD907E200250F7A /* ContactList */ = {
			isa = PBXNativeTarget;
			buildConfigurationList = 43B80F951CD907E200250F7A /* Build configuration list for PBXNativeTarget "ContactList" */;
			buildPhases = (
				43B80F8A1CD907E200250F7A /* Sources */,
				43B80F8B1CD907E200250F7A /* Frameworks */,
				43B80F8C1CD907E200250F7A /* CopyFiles */,
			);
			buildRules = (
			);
			dependencies = (
			);
			name = ContactList;
			productName = ContactList;
			productReference = 43B80F8E1CD907E200250F7A /* ContactList */;
			productType = "com.apple.product-type.tool";
		};
/* End PBXNativeTarget section */

/* Begin PBXProject section */
		43B80F861CD907E200250F7A /* Project object */ = {
			isa = PBXProject;
			attributes = {
				LastUpgradeCheck = 0720;
				ORGANIZATIONNAME = Vectura;
				TargetAttributes = {
					43B80F8D1CD907E200250F7A = {
						CreatedOnToolsVersion = 7.2.1;
					};
				};
			};
			buildConfigurationList = 43B80F891CD907E200250F7A /* Build configuration list for PBXProject "ContactList" */;
			compatibilityVersion = "Xcode 3.2";
			developmentRegion = English;
			hasScannedForEncodings = 0;
			knownRegions = (
				en,
			);
			mainGroup = 43B80F851CD907E200250F7A;
			productRefGroup = 43B80F8F1CD907E200250F7A /* Products */;
			projectDirPath = "";
			projectRoot = "";
			targets = (
				43B80F8D1CD907E200250F7A /* ContactList */,
			);
		};
/* End PBXProject section */

/* Begin PBXSourcesBuildPhase section */
		43B80F8A1CD907E200250F7A /* Sources */ = {
			isa = PBXSourcesBuildPhase;
			buildActionMask = 2147483647;
			files = (
				43B80FA01CD910D300250F7A /* ContactList.m in Sources */,
				43B80F9A1CD9093100250F7A /* InputController.m in Sources */,
				43B80F9D1CD90E1E00250F7A /* Contact.m in Sources */,
				43B80F921CD907E200250F7A /* main.m in Sources */,
			);
			runOnlyForDeploymentPostprocessing = 0;
		};
/* End PBXSourcesBuildPhase section */

/* Begin XCBuildConfiguration section */
		43B80F931CD907E200250F7A /* Debug */ = {
			isa = XCBuildConfiguration;
			buildSettings = {
				ALWAYS_SEARCH_USER_PATHS = NO;
				CLANG_CXX_LANGUAGE_STANDARD = "gnu++0x";
				CLANG_CXX_LIBRARY = "libc++";
				CLANG_ENABLE_MODULES = YES;
				CLANG_ENABLE_OBJC_ARC = YES;
				CLANG_WARN_BOOL_CONVERSION = YES;
				CLANG_WARN_CONSTANT_CONVERSION = YES;
				CLANG_WARN_DIRECT_OBJC_ISA_USAGE = YES_ERROR;
				CLANG_WARN_EMPTY_BODY = YES;
				CLANG_WARN_ENUM_CONVERSION = YES;
				CLANG_WARN_INT_CONVERSION = YES;
				CLANG_WARN_OBJC_ROOT_CLASS = YES_ERROR;
				CLANG_WARN_UNREACHABLE_CODE = YES;
				CLANG_WARN__DUPLICATE_METHOD_MATCH = YES;
				CODE_SIGN_IDENTITY = "-";
				COPY_PHASE_STRIP = NO;
				DEBUG_INFORMATION_FORMAT = dwarf;
				ENABLE_STRICT_OBJC_MSGSEND = YES;
				ENABLE_TESTABILITY = YES;
				GCC_C_LANGUAGE_STANDARD = gnu99;
				GCC_DYNAMIC_NO_PIC = NO;
				GCC_NO_COMMON_BLOCKS = YES;
				GCC_OPTIMIZATION_LEVEL = 0;
				GCC_PREPROCESSOR_DEFINITIONS = (
					"DEBUG=1",
					"$(inherited)",
				);
				GCC_WARN_64_TO_32_BIT_CONVERSION = YES;
				GCC_WARN_ABOUT_RETURN_TYPE = YES_ERROR;
				GCC_WARN_UNDECLARED_SELECTOR = YES;
				GCC_WARN_UNINITIALIZED_AUTOS = YES_AGGRESSIVE;
				GCC_WARN_UNUSED_FUNCTION = YES;
				GCC_WARN_UNUSED_VARIABLE = YES;
				MACOSX_DEPLOYMENT_TARGET = 10.10;
				MTL_ENABLE_DEBUG_INFO = YES;
				ONLY_ACTIVE_ARCH = YES;
				SDKROOT = macosx;
			};
			name = Debug;
		};
		43B80F941CD907E200250F7A /* Release */ = {
			isa = XCBuildConfiguration;
			buildSettings = {
				ALWAYS_SEARCH_USER_PATHS = NO;
				CLANG_CXX_LANGUAGE_STANDARD = "gnu++0x";
				CLANG_CXX_LIBRARY = "libc++";
				CLANG_ENABLE_MODULES = YES;
				CLANG_ENABLE_OBJC_ARC = YES;
				CLANG_WARN_BOOL_CONVERSION = YES;
				CLANG_WARN_CONSTANT_CONVERSION = YES;
				CLANG_WARN_DIRECT_OBJC_ISA_USAGE = YES_ERROR;
				CLANG_WARN_EMPTY_BODY = YES;
				CLANG_WARN_ENUM_CONVERSION = YES;
				CLANG_WARN_INT_CONVERSION = YES;
				CLANG_WARN_OBJC_ROOT_CLASS = YES_ERROR;
				CLANG_WARN_UNREACHABLE_CODE = YES;
				CLANG_WARN__DUPLICATE_METHOD_MATCH = YES;
				CODE_SIGN_IDENTITY = "-";
				COPY_PHASE_STRIP = NO;
				DEBUG_INFORMATION_FORMAT = "dwarf-with-dsym";
				ENABLE_NS_ASSERTIONS = NO;
				ENABLE_STRICT_OBJC_MSGSEND = YES;
				GCC_C_LANGUAGE_STANDARD = gnu99;
				GCC_NO_COMMON_BLOCKS = YES;
				GCC_WARN_64_TO_32_BIT_CONVERSION = YES;
				GCC_WARN_ABOUT_RETURN_TYPE = YES_ERROR;
				GCC_WARN_UNDECLARED_SELECTOR = YES;
				GCC_WARN_UNINITIALIZED_AUTOS = YES_AGGRESSIVE;
				GCC_WARN_UNUSED_FUNCTION = YES;
				GCC_WARN_UNUSED_VARIABLE = YES;
				MACOSX_DEPLOYMENT_TARGET = 10.10;
				MTL_ENABLE_DEBUG_INFO = NO;
				SDKROOT = macosx;
			};
			name = Release;
		};
		43B80F961CD907E200250F7A /* Debug */ = {
			isa = XCBuildConfiguration;
			buildSettings = {
				PRODUCT_NAME = "$(TARGET_NAME)";
			};
			name = Debug;
		};
		43B80F971CD907E200250F7A /* Release */ = {
			isa = XCBuildConfiguration;
			buildSettings = {
				PRODUCT_NAME = "$(TARGET_NAME)";
			};
			name = Release;
		};
/* End XCBuildConfiguration section */

/* Begin XCConfigurationList section */
		43B80F891CD907E200250F7A /* Build configuration list for PBXProject "ContactList" */ = {
			isa = XCConfigurationList;
			buildConfigurations = (
				43B80F931CD907E200250F7A /* Debug */,
				43B80F941CD907E200250F7A /* Release */,
			);
			defaultConfigurationIsVisible = 0;
			defaultConfigurationName = Release;
		};
		43B80F951CD907E200250F7A /* Build configuration list for PBXNativeTarget "ContactList" */ = {
			isa = XCConfigurationList;
			buildConfigurations = (
				43B80F961CD907E200250F7A /* Debug */,
				43B80F971CD907E200250F7A /* Release */,
			);
			defaultConfigurationIsVisible = 0;
			defaultConfigurationName = Release;
		};
/* End XCConfigurationList section */
	};
	rootObject = 43B80F861CD907E200250F7A /* Project object */;
}
